
Microsoft Visual Studio Solution File, Format Version 12.00
# Visual Studio Version 17
VisualStudioVersion = 17.5.002.0
MinimumVisualStudioVersion = 10.0.40219.1
Project("{9A19103F-16F7-4668-BE54-9A1E7A4F7556}") = "myfinance-web-dotnet", "myfinance-web-dotnet\myfinance-web-dotnet.csproj", "{0E27F5C1-EF5F-4AFC-B90D-6ACB78AC5B08}"
EndProject
Global
	GlobalSection(SolutionConfigurationPlatforms) = preSolution
		Debug|Any CPU = Debug|Any CPU
		Release|Any CPU = Release|Any CPU
	EndGlobalSection
	GlobalSection(ProjectConfigurationPlatforms) = postSolution
		{0E27F5C1-EF5F-4AFC-B90D-6ACB78AC5B08}.Debug|Any CPU.ActiveCfg = Debug|Any CPU
		{0E27F5C1-EF5F-4AFC-B90D-6ACB78AC5B08}.Debug|Any CPU.Build.0 = Debug|Any CPU
		{0E27F5C1-EF5F-4AFC-B90D-6ACB78AC5B08}.Release|Any CPU.ActiveCfg = Release|Any CPU
		{0E27F5C1-EF5F-4AFC-B90D-6ACB78AC5B08}.Release|Any CPU.Build.0 = Release|Any CPU
	EndGlobalSection
	GlobalSection(SolutionProperties) = preSolution
		HideSolutionNode = FALSE
	EndGlobalSection
	GlobalSection(ExtensibilityGlobals) = postSolution
		SolutionGuid = {F90972F9-4C39-45E4-9F43-18A62D86E101}
	EndGlobalSection
EndGlobal
